
Microsoft Visual Studio Solution File, Format Version 12.00
# Visual Studio Version 16
VisualStudioVersion = 16.0.31424.327
MinimumVisualStudioVersion = 10.0.40219.1
Project("{FAE04EC0-301F-11D3-BF4B-00C04F79EFBC}") = "CAExercicio2", "CAExercicio2.csproj", "{0D17D47F-70A4-40BD-9763-5BC55CAC4083}"
EndProject
Global
	GlobalSection(SolutionConfigurationPlatforms) = preSolution
		Debug|Any CPU = Debug|Any CPU
		Release|Any CPU = Release|Any CPU
	EndGlobalSection
	GlobalSection(ProjectConfigurationPlatforms) = postSolution
		{0D17D47F-70A4-40BD-9763-5BC55CAC4083}.Debug|Any CPU.ActiveCfg = Debug|Any CPU
		{0D17D47F-70A4-40BD-9763-5BC55CAC4083}.Debug|Any CPU.Build.0 = Debug|Any CPU
		{0D17D47F-70A4-40BD-9763-5BC55CAC4083}.Release|Any CPU.ActiveCfg = Release|Any CPU
		{0D17D47F-70A4-40BD-9763-5BC55CAC4083}.Release|Any CPU.Build.0 = Release|Any CPU
	EndGlobalSection
	GlobalSection(SolutionProperties) = preSolution
		HideSolutionNode = FALSE
	EndGlobalSection
	GlobalSection(ExtensibilityGlobals) = postSolution
		SolutionGuid = {2859599B-2570-4332-B30D-DFBDD3015CB4}
	EndGlobalSection
EndGlobal
